<?xml version="1.0" encoding="utf-8"?>
<Project ToolsVersion="4.0" xmlns="http://schemas.microsoft.com/developer/msbuild/2003">
  <ItemGroup>
    <Filter Include="Source Files">
      <UniqueIdentifier>{4FC737F1-C7A5-4376-A066-2A32D752A2FF}</UniqueIdentifier>
      <Extensions>cpp;c;cc;cxx;def;odl;idl;hpj;bat;asm;asmx</Extensions>
    </Filter>
    <Filter Include="Header Files">
      <UniqueIdentifier>{93995380-89BD-4b04-88EB-625FBE52EBFB}</UniqueIdentifier>
      <Extensions>h;hpp;hxx;hm;inl;inc;xsd</Extensions>
    </Filter>
    <Filter Include="Resource Files">
      <UniqueIdentifier>{67DA6AB6-F800-4c08-8B7A-83BB121AAD01}</UniqueIdentifier>
      <Extensions>rc;ico;cur;bmp;dlg;rc2;rct;bin;rgs;gif;jpg;jpeg;jpe;resx;tiff;tif;png;wav;mfcribbon-ms</Extensions>
    </Filter>
    <Filter Include="Header Files\D3D9Headers">
      <UniqueIdentifier>{b110512e-8596-4c45-9c87-3a51fe48e901}</UniqueIdentifier>
    </Filter>
  </ItemGroup>
  <ItemGroup>
    <ClCompile Include="DllMain.cpp">
      <Filter>Source Files</Filter>
    </ClCompile>
    <ClCompile Include="CRender.cpp">
      <Filter>Source Files</Filter>
    </ClCompile>
    <ClCompile Include="CVehicleRender.cpp">
      <Filter>Source Files</Filter>
    </ClCompile>
    <ClCompile Include="CNormalsGenerator.cpp">
      <Filter>Source Files</Filter>
    </ClCompile>
    <ClCompile Include="CTextureMaps.cpp">
      <Filter>Source Files</Filter>
    </ClCompile>
    <ClCompile Include="CRenderWare.cpp">
      <Filter>Source Files</Filter>
    </ClCompile>
    <ClCompile Include="CGame.cpp">
      <Filter>Source Files</Filter>
    </ClCompile>
    <ClCompile Include="CObjectRender.cpp">
      <Filter>Source Files</Filter>
    </ClCompile>
    <ClCompile Include="CPedsRender.cpp">
      <Filter>Source Files</Filter>
    </ClCompile>
    <ClCompile Include="CDebug.cpp">
      <Filter>Source Files</Filter>
    </ClCompile>
    <ClCompile Include="CDeferredRendering.cpp">
      <Filter>Source Files</Filter>
    </ClCompile>
    <ClCompile Include="CLights.cpp">
      <Filter>Source Files</Filter>
    </ClCompile>
  </ItemGroup>
  <ItemGroup>
    <ClInclude Include="CRender.h">
      <Filter>Header Files</Filter>
    </ClInclude>
    <ClInclude Include="CVehicleRender.h">
      <Filter>Header Files</Filter>
    </ClInclude>
    <ClInclude Include="CNormalsGenerator.h">
      <Filter>Header Files</Filter>
    </ClInclude>
    <ClInclude Include="CTextureMaps.h">
      <Filter>Header Files</Filter>
    </ClInclude>
    <ClInclude Include="CWaterRender.h">
      <Filter>Header Files</Filter>
    </ClInclude>
    <ClInclude Include="CGame.h">
      <Filter>Header Files</Filter>
    </ClInclude>
    <ClInclude Include="CPatch.h">
      <Filter>Header Files</Filter>
    </ClInclude>
    <ClInclude Include="RenderWare.h">
      <Filter>Header Files</Filter>
    </ClInclude>
    <ClInclude Include="CObjectRender.h">
      <Filter>Header Files</Filter>
    </ClInclude>
    <ClInclude Include="CPedsRender.h">
      <Filter>Header Files</Filter>
    </ClInclude>
    <ClInclude Include="CDebug.h">
      <Filter>Header Files</Filter>
    </ClInclude>
    <ClInclude Include="CDeferredRendering.h">
      <Filter>Header Files</Filter>
    </ClInclude>
    <ClInclude Include="resource.h">
      <Filter>Header Files</Filter>
    </ClInclude>
    <ClInclude Include="CLights.h">
      <Filter>Header Files</Filter>
    </ClInclude>
    <ClInclude Include="D3D9Headers\d3d9.h">
      <Filter>Header Files\D3D9Headers</Filter>
    </ClInclude>
    <ClInclude Include="D3D9Headers\d3d9caps.h">
      <Filter>Header Files\D3D9Headers</Filter>
    </ClInclude>
    <ClInclude Include="D3D9Headers\d3d9types.h">
      <Filter>Header Files\D3D9Headers</Filter>
    </ClInclude>
    <ClInclude Include="D3D9Headers\d3dx9.h">
      <Filter>Header Files\D3D9Headers</Filter>
    </ClInclude>
    <ClInclude Include="D3D9Headers\d3dx9anim.h">
      <Filter>Header Files\D3D9Headers</Filter>
    </ClInclude>
    <ClInclude Include="D3D9Headers\d3dx9core.h">
      <Filter>Header Files\D3D9Headers</Filter>
    </ClInclude>
    <ClInclude Include="D3D9Headers\d3dx9effect.h">
      <Filter>Header Files\D3D9Headers</Filter>
    </ClInclude>
    <ClInclude Include="D3D9Headers\d3dx9math.h">
      <Filter>Header Files\D3D9Headers</Filter>
    </ClInclude>
    <ClInclude Include="D3D9Headers\d3dx9mesh.h">
      <Filter>Header Files\D3D9Headers</Filter>
    </ClInclude>
    <ClInclude Include="D3D9Headers\d3dx9shader.h">
      <Filter>Header Files\D3D9Headers</Filter>
    </ClInclude>
    <ClInclude Include="D3D9Headers\d3dx9shape.h">
      <Filter>Header Files\D3D9Headers</Filter>
    </ClInclude>
    <ClInclude Include="D3D9Headers\d3dx9tex.h">
      <Filter>Header Files\D3D9Headers</Filter>
    </ClInclude>
    <ClInclude Include="D3D9Headers\d3dx9xof.h">
      <Filter>Header Files\D3D9Headers</Filter>
    </ClInclude>
  </ItemGroup>
  <ItemGroup>
    <Library Include="rtworld.lib">
      <Filter>Resource Files</Filter>
    </Library>
    <Library Include="d3d9.lib">
      <Filter>Resource Files</Filter>
    </Library>
    <Library Include="d3dx9.lib">
      <Filter>Resource Files</Filter>
    </Library>
    <Library Include="D3DDeviceReset.lib">
      <Filter>Resource Files</Filter>
    </Library>
  </ItemGroup>
  <ItemGroup>
    <None Include="D3D9Headers\d3dx9math.inl">
      <Filter>Header Files\D3D9Headers</Filter>
    </None>
  </ItemGroup>
</Project>